{
  "lockfileVersion": 1,
  "configVersion": 0,
  "workspaces": {
    "": {
      "name": "hearthstone.js",
      "dependencies": {
        "@inquirer/core": "^11.0.2",
        "@inquirer/prompts": "^8.2.0",
        "@kmamal/sdl": "^0.11.13",
        "axios": "^1.13.5",
        "boxen": "^8.0.1",
        "bun": "^1.3.9",
        "chalk-tags": "^1.1.3",
        "commander": "^14.0.3",
        "date-and-time": "^4.1.0",
        "deckstrings": "^3.1.2",
        "lodash": "^4.17.21",
      },
      "devDependencies": {
        "@biomejs/biome": "^2.3.4",
        "@hearthstonejs/vanillatypes": "^5.3.0",
        "@types/bun": "^1.3.9",
        "@types/lodash": "^4.17.21",
      },
    },
  },
  "trustedDependencies": [
    "@kmamal/sdl",
    "@biomejs/biome",
  ],
  "packages": {
    "@biomejs/biome": ["@biomejs/biome@2.3.4", "", { "optionalDependencies": { "@biomejs/cli-darwin-arm64": "2.3.4", "@biomejs/cli-darwin-x64": "2.3.4", "@biomejs/cli-linux-arm64": "2.3.4", "@biomejs/cli-linux-arm64-musl": "2.3.4", "@biomejs/cli-linux-x64": "2.3.4", "@biomejs/cli-linux-x64-musl": "2.3.4", "@biomejs/cli-win32-arm64": "2.3.4", "@biomejs/cli-win32-x64": "2.3.4" }, "bin": { "biome": "bin/biome" } }, "sha512-TU08LXjBHdy0mEY9APtEtZdNQQijXUDSXR7IK1i45wgoPD5R0muK7s61QcFir6FpOj/RP1+YkPx5QJlycXUU3w=="],

    "@biomejs/cli-darwin-arm64": ["@biomejs/cli-darwin-arm64@2.3.4", "", { "os": "darwin", "cpu": "arm64" }, "sha512-w40GvlNzLaqmuWYiDU6Ys9FNhJiclngKqcGld3iJIiy2bpJ0Q+8n3haiaC81uTPY/NA0d8Q/I3Z9+ajc14102Q=="],

    "@biomejs/cli-darwin-x64": ["@biomejs/cli-darwin-x64@2.3.4", "", { "os": "darwin", "cpu": "x64" }, "sha512-3s7TLVtjJ7ni1xADXsS7x7GMUrLBZXg8SemXc3T0XLslzvqKj/dq1xGeBQ+pOWQzng9MaozfacIHdK2UlJ3jGA=="],

    "@biomejs/cli-linux-arm64": ["@biomejs/cli-linux-arm64@2.3.4", "", { "os": "linux", "cpu": "arm64" }, "sha512-y7efHyyM2gYmHy/AdWEip+VgTMe9973aP7XYKPzu/j8JxnPHuSUXftzmPhkVw0lfm4ECGbdBdGD6+rLmTgNZaA=="],

    "@biomejs/cli-linux-arm64-musl": ["@biomejs/cli-linux-arm64-musl@2.3.4", "", { "os": "linux", "cpu": "arm64" }, "sha512-IruVGQRwMURivWazchiq7gKAqZSFs5so6gi0hJyxk7x6HR+iwZbO2IxNOqyLURBvL06qkIHs7Wffl6Bw30vCbQ=="],

    "@biomejs/cli-linux-x64": ["@biomejs/cli-linux-x64@2.3.4", "", { "os": "linux", "cpu": "x64" }, "sha512-gKfjWR/6/dfIxPJCw8REdEowiXCkIpl9jycpNVHux8aX2yhWPLjydOshkDL6Y/82PcQJHn95VCj7J+BRcE5o1Q=="],

    "@biomejs/cli-linux-x64-musl": ["@biomejs/cli-linux-x64-musl@2.3.4", "", { "os": "linux", "cpu": "x64" }, "sha512-mzKFFv/w66e4/jCobFmD3kymCqG+FuWE7sVa4Yjqd9v7qt2UhXo67MSZKY9Ih18V2IwPzRKQPCw6KwdZs6AXSA=="],

    "@biomejs/cli-win32-arm64": ["@biomejs/cli-win32-arm64@2.3.4", "", { "os": "win32", "cpu": "arm64" }, "sha512-5TJ6JfVez+yyupJ/iGUici2wzKf0RrSAxJhghQXtAEsc67OIpdwSKAQboemILrwKfHDi5s6mu7mX+VTCTUydkw=="],

    "@biomejs/cli-win32-x64": ["@biomejs/cli-win32-x64@2.3.4", "", { "os": "win32", "cpu": "x64" }, "sha512-FGCijXecmC4IedQ0esdYNlMpx0Jxgf4zceCaMu6fkjWyjgn50ZQtMiqZZQ0Q/77yqPxvtkgZAvt5uGw0gAAjig=="],

    "@hearthstonejs/vanillatypes": ["@hearthstonejs/vanillatypes@5.3.0", "", {}, "sha512-lbEpxRmBfM3OO+oqsLSrQ0u6Z2hYj12K3hSXNcYVc7Mw7k9rppb5HPal7L96nzXgM+l+ypdUWFt+6oMZ6K+GBw=="],

    "@inquirer/ansi": ["@inquirer/ansi@2.0.2", "", {}, "sha512-SYLX05PwJVnW+WVegZt1T4Ip1qba1ik+pNJPDiqvk6zS5Y/i8PhRzLpGEtVd7sW0G8cMtkD8t4AZYhQwm8vnww=="],

    "@inquirer/checkbox": ["@inquirer/checkbox@5.0.4", "", { "dependencies": { "@inquirer/ansi": "^2.0.3", "@inquirer/core": "^11.1.1", "@inquirer/figures": "^2.0.3", "@inquirer/type": "^4.0.3" }, "peerDependencies": { "@types/node": ">=18" }, "optionalPeers": ["@types/node"] }, "sha512-DrAMU3YBGMUAp6ArwTIp/25CNDtDbxk7UjIrrtM25JVVrlVYlVzHh5HR1BDFu9JMyUoZ4ZanzeaHqNDttf3gVg=="],

    "@inquirer/confirm": ["@inquirer/confirm@6.0.4", "", { "dependencies": { "@inquirer/core": "^11.1.1", "@inquirer/type": "^4.0.3" }, "peerDependencies": { "@types/node": ">=18" }, "optionalPeers": ["@types/node"] }, "sha512-WdaPe7foUnoGYvXzH4jp4wH/3l+dBhZ3uwhKjXjwdrq5tEIFaANxj6zrGHxLdsIA0yKM0kFPVcEalOZXBB5ISA=="],

    "@inquirer/core": ["@inquirer/core@11.0.2", "", { "dependencies": { "@inquirer/ansi": "^2.0.2", "@inquirer/figures": "^2.0.2", "@inquirer/type": "^4.0.2", "cli-width": "^4.1.0", "mute-stream": "^3.0.0", "signal-exit": "^4.1.0", "wrap-ansi": "^9.0.2" }, "peerDependencies": { "@types/node": ">=18" }, "optionalPeers": ["@types/node"] }, "sha512-lgMRx/n02ciiNELBvFLHtmcjbV5tf5D/I0UYfCg2YbTZWmBZ10/niLd3IjWBxz8LtM27xP+4oLEa06Slmb7p7A=="],

    "@inquirer/editor": ["@inquirer/editor@5.0.4", "", { "dependencies": { "@inquirer/core": "^11.1.1", "@inquirer/external-editor": "^2.0.3", "@inquirer/type": "^4.0.3" }, "peerDependencies": { "@types/node": ">=18" }, "optionalPeers": ["@types/node"] }, "sha512-QI3Jfqcv6UO2/VJaEFONH8Im1ll++Xn/AJTBn9Xf+qx2M+H8KZAdQ5sAe2vtYlo+mLW+d7JaMJB4qWtK4BG3pw=="],

    "@inquirer/expand": ["@inquirer/expand@5.0.4", "", { "dependencies": { "@inquirer/core": "^11.1.1", "@inquirer/type": "^4.0.3" }, "peerDependencies": { "@types/node": ">=18" }, "optionalPeers": ["@types/node"] }, "sha512-0I/16YwPPP0Co7a5MsomlZLpch48NzYfToyqYAOWtBmaXSB80RiNQ1J+0xx2eG+Wfxt0nHtpEWSRr6CzNVnOGg=="],

    "@inquirer/external-editor": ["@inquirer/external-editor@2.0.3", "", { "dependencies": { "chardet": "^2.1.1", "iconv-lite": "^0.7.2" }, "peerDependencies": { "@types/node": ">=18" }, "optionalPeers": ["@types/node"] }, "sha512-LgyI7Agbda74/cL5MvA88iDpvdXI2KuMBCGRkbCl2Dg1vzHeOgs+s0SDcXV7b+WZJrv2+ERpWSM65Fpi9VfY3w=="],

    "@inquirer/figures": ["@inquirer/figures@2.0.2", "", {}, "sha512-qXm6EVvQx/FmnSrCWCIGtMHwqeLgxABP8XgcaAoywsL0NFga9gD5kfG0gXiv80GjK9Hsoz4pgGwF/+CjygyV9A=="],

    "@inquirer/input": ["@inquirer/input@5.0.4", "", { "dependencies": { "@inquirer/core": "^11.1.1", "@inquirer/type": "^4.0.3" }, "peerDependencies": { "@types/node": ">=18" }, "optionalPeers": ["@types/node"] }, "sha512-4B3s3jvTREDFvXWit92Yc6jF1RJMDy2VpSqKtm4We2oVU65YOh2szY5/G14h4fHlyQdpUmazU5MPCFZPRJ0AOw=="],

    "@inquirer/number": ["@inquirer/number@4.0.4", "", { "dependencies": { "@inquirer/core": "^11.1.1", "@inquirer/type": "^4.0.3" }, "peerDependencies": { "@types/node": ">=18" }, "optionalPeers": ["@types/node"] }, "sha512-CmMp9LF5HwE+G/xWsC333TlCzYYbXMkcADkKzcawh49fg2a1ryLc7JL1NJYYt1lJ+8f4slikNjJM9TEL/AljYQ=="],

    "@inquirer/password": ["@inquirer/password@5.0.4", "", { "dependencies": { "@inquirer/ansi": "^2.0.3", "@inquirer/core": "^11.1.1", "@inquirer/type": "^4.0.3" }, "peerDependencies": { "@types/node": ">=18" }, "optionalPeers": ["@types/node"] }, "sha512-ZCEPyVYvHK4W4p2Gy6sTp9nqsdHQCfiPXIP9LbJVW4yCinnxL/dDDmPaEZVysGrj8vxVReRnpfS2fOeODe9zjg=="],

    "@inquirer/prompts": ["@inquirer/prompts@8.2.0", "", { "dependencies": { "@inquirer/checkbox": "^5.0.4", "@inquirer/confirm": "^6.0.4", "@inquirer/editor": "^5.0.4", "@inquirer/expand": "^5.0.4", "@inquirer/input": "^5.0.4", "@inquirer/number": "^4.0.4", "@inquirer/password": "^5.0.4", "@inquirer/rawlist": "^5.2.0", "@inquirer/search": "^4.1.0", "@inquirer/select": "^5.0.4" }, "peerDependencies": { "@types/node": ">=18" }, "optionalPeers": ["@types/node"] }, "sha512-rqTzOprAj55a27jctS3vhvDDJzYXsr33WXTjODgVOru21NvBo9yIgLIAf7SBdSV0WERVly3dR6TWyp7ZHkvKFA=="],

    "@inquirer/rawlist": ["@inquirer/rawlist@5.2.0", "", { "dependencies": { "@inquirer/core": "^11.1.1", "@inquirer/type": "^4.0.3" }, "peerDependencies": { "@types/node": ">=18" }, "optionalPeers": ["@types/node"] }, "sha512-CciqGoOUMrFo6HxvOtU5uL8fkjCmzyeB6fG7O1vdVAZVSopUBYECOwevDBlqNLyyYmzpm2Gsn/7nLrpruy9RFg=="],

    "@inquirer/search": ["@inquirer/search@4.1.0", "", { "dependencies": { "@inquirer/core": "^11.1.1", "@inquirer/figures": "^2.0.3", "@inquirer/type": "^4.0.3" }, "peerDependencies": { "@types/node": ">=18" }, "optionalPeers": ["@types/node"] }, "sha512-EAzemfiP4IFvIuWnrHpgZs9lAhWDA0GM3l9F4t4mTQ22IFtzfrk8xbkMLcAN7gmVML9O/i+Hzu8yOUyAaL6BKA=="],

    "@inquirer/select": ["@inquirer/select@5.0.4", "", { "dependencies": { "@inquirer/ansi": "^2.0.3", "@inquirer/core": "^11.1.1", "@inquirer/figures": "^2.0.3", "@inquirer/type": "^4.0.3" }, "peerDependencies": { "@types/node": ">=18" }, "optionalPeers": ["@types/node"] }, "sha512-s8KoGpPYMEQ6WXc0dT9blX2NtIulMdLOO3LA1UKOiv7KFWzlJ6eLkEYTDBIi+JkyKXyn8t/CD6TinxGjyLt57g=="],

    "@inquirer/type": ["@inquirer/type@4.0.2", "", { "peerDependencies": { "@types/node": ">=18" }, "optionalPeers": ["@types/node"] }, "sha512-cae7mzluplsjSdgFA6ACLygb5jC8alO0UUnFPyu0E7tNRPrL+q/f8VcSXp+cjZQ7l5CMpDpi2G1+IQvkOiL1Lw=="],

    "@isaacs/fs-minipass": ["@isaacs/fs-minipass@4.0.1", "", { "dependencies": { "minipass": "^7.0.4" } }, "sha512-wgm9Ehl2jpeqP3zw/7mo3kRHFp5MEDhqAdwy1fTGkHAwnkGOVsgpvQhL8B5n1qlb01jV3n/bI0ZfZp5lWA1k4w=="],

    "@kmamal/sdl": ["@kmamal/sdl@0.11.13", "", { "dependencies": { "tar": "^7.4.3" } }, "sha512-9WmxYNtCggi7Ovq1cU7m/s5WXD/+eKQxDMnL3bU8B5vr5GlaLg4xLykDCpcbWKkJJ2i6llTrdL7LiqikwDFz4w=="],

    "@oven/bun-darwin-aarch64": ["@oven/bun-darwin-aarch64@1.3.9", "", { "os": "darwin", "cpu": "arm64" }, "sha512-df7smckMWSUfaT5mzwN9Lfpd3ZGkOqo+vmQ8VV2a32gl14v6uZ/qeeo+1RlANXn8M0uzXPWWCkrKZIWSZUR0qw=="],

    "@oven/bun-darwin-x64": ["@oven/bun-darwin-x64@1.3.9", "", { "os": "darwin", "cpu": "x64" }, "sha512-YiLxfsPzQqaVvT2a+nxH9do0YfUjrlxF3tKP0b1DDgvfgCcVKGsrQH3Wa82qHgL4dnT8h2bqi94JxXESEuPmcA=="],

    "@oven/bun-darwin-x64-baseline": ["@oven/bun-darwin-x64-baseline@1.3.9", "", { "os": "darwin", "cpu": "x64" }, "sha512-XbhsA2XAFzvFr0vPSV6SNqGxab4xHKdPmVTLqoSHAx9tffrSq/012BDptOskulwnD+YNsrJUx2D2Ve1xvfgGcg=="],

    "@oven/bun-linux-aarch64": ["@oven/bun-linux-aarch64@1.3.9", "", { "os": "linux", "cpu": "arm64" }, "sha512-VaNQTu0Up4gnwZLQ6/Hmho6jAlLxTQ1PwxEth8EsXHf82FOXXPV5OCQ6KC9mmmocjKlmWFaIGebThrOy8DUo4g=="],

    "@oven/bun-linux-aarch64-musl": ["@oven/bun-linux-aarch64-musl@1.3.9", "", { "os": "linux", "cpu": "arm64" }, "sha512-t8uimCVBTw5f9K2QTZE5wN6UOrFETNrh/Xr7qtXT9nAOzaOnIFvYA+HcHbGfi31fRlCVfTxqm/EiCwJ1gEw9YQ=="],

    "@oven/bun-linux-x64": ["@oven/bun-linux-x64@1.3.9", "", { "os": "linux", "cpu": "x64" }, "sha512-oQyAW3+ugulvXTZ+XYeUMmNPR94sJeMokfHQoKwPvVwhVkgRuMhcLGV2ZesHCADVu30Oz2MFXbgdC8x4/o9dRg=="],

    "@oven/bun-linux-x64-baseline": ["@oven/bun-linux-x64-baseline@1.3.9", "", { "os": "linux", "cpu": "x64" }, "sha512-nZ12g22cy7pEOBwAxz2tp0wVqekaCn9QRKuGTHqOdLlyAqR4SCdErDvDhUWd51bIyHTQoCmj72TegGTgG0WNPw=="],

    "@oven/bun-linux-x64-musl": ["@oven/bun-linux-x64-musl@1.3.9", "", { "os": "linux", "cpu": "x64" }, "sha512-4ZjIUgCxEyKwcKXideB5sX0KJpnHTZtu778w73VNq2uNH2fNpMZv98+DBgJyQ9OfFoRhmKn1bmLmSefvnHzI9w=="],

    "@oven/bun-linux-x64-musl-baseline": ["@oven/bun-linux-x64-musl-baseline@1.3.9", "", { "os": "linux", "cpu": "x64" }, "sha512-3FXQgtYFsT0YOmAdMcJn56pLM5kzSl6y942rJJIl5l2KummB9Ea3J/vMJMzQk7NCAGhleZGWU/pJSS/uXKGa7w=="],

    "@oven/bun-windows-x64": ["@oven/bun-windows-x64@1.3.9", "", { "os": "win32", "cpu": "x64" }, "sha512-/d6vAmgKvkoYlsGPsRPlPmOK1slPis/F40UG02pYwypTH0wmY0smgzdFqR4YmryxFh17XrW1kITv+U99Oajk9Q=="],

    "@oven/bun-windows-x64-baseline": ["@oven/bun-windows-x64-baseline@1.3.9", "", { "os": "win32", "cpu": "x64" }, "sha512-a/+hSrrDpMD7THyXvE2KJy1skxzAD0cnW4K1WjuI/91VqsphjNzvf5t/ZgxEVL4wb6f+hKrSJ5J3aH47zPr61g=="],

    "@types/bun": ["@types/bun@1.3.9", "", { "dependencies": { "bun-types": "1.3.9" } }, "sha512-KQ571yULOdWJiMH+RIWIOZ7B2RXQGpL1YQrBtLIV3FqDcCu6FsbFUBwhdKUlCKUpS3PJDsHlJ1QKlpxoVR+xtw=="],

    "@types/lodash": ["@types/lodash@4.17.21", "", {}, "sha512-FOvQ0YPD5NOfPgMzJihoT+Za5pdkDJWcbpuj1DjaKZIr/gxodQjY/uWEFlTNqW2ugXHUiL8lRQgw63dzKHZdeQ=="],

    "@types/node": ["@types/node@24.10.0", "", { "dependencies": { "undici-types": "~7.16.0" } }, "sha512-qzQZRBqkFsYyaSWXuEHc2WR9c0a0CXwiE5FWUvn7ZM+vdy1uZLfCunD38UzhuB7YN/J11ndbDBcTmOdxJo9Q7A=="],

    "ansi-align": ["ansi-align@3.0.1", "", { "dependencies": { "string-width": "^4.1.0" } }, "sha512-IOfwwBF5iczOjp/WeY4YxyjqAFMQoZufdQWDd19SEExbVLNXqvpzSJ/M7Za4/sCPmQ0+GRquoA7bGcINcxew6w=="],

    "ansi-regex": ["ansi-regex@6.1.0", "", {}, "sha512-7HSX4QQb4CspciLpVFwyRe79O3xsIZDDLER21kERQ71oaPodF8jL725AgJMFAYbooIqolJoRLuM81SpeUkpkvA=="],

    "ansi-styles": ["ansi-styles@6.2.3", "", {}, "sha512-4Dj6M28JB+oAH8kFkTLUo+a2jwOFkuqb3yucU0CANcRRUbxS0cP0nZYCGjcc3BNXwRIsUVmDGgzawme7zvJHvg=="],

    "asynckit": ["asynckit@0.4.0", "", {}, "sha512-Oei9OH4tRh0YqU3GxhX79dM/mwVgvbZJaSNaRk+bshkj0S5cfHcgYakreBjrHwatXKbz+IoIdYLxrKim2MjW0Q=="],

    "axios": ["axios@1.13.5", "", { "dependencies": { "follow-redirects": "^1.15.11", "form-data": "^4.0.5", "proxy-from-env": "^1.1.0" } }, "sha512-cz4ur7Vb0xS4/KUN0tPWe44eqxrIu31me+fbang3ijiNscE129POzipJJA6zniq2C/Z6sJCjMimjS8Lc/GAs8Q=="],

    "boxen": ["boxen@8.0.1", "", { "dependencies": { "ansi-align": "^3.0.1", "camelcase": "^8.0.0", "chalk": "^5.3.0", "cli-boxes": "^3.0.0", "string-width": "^7.2.0", "type-fest": "^4.21.0", "widest-line": "^5.0.0", "wrap-ansi": "^9.0.0" } }, "sha512-F3PH5k5juxom4xktynS7MoFY+NUWH5LC4CnH11YB8NPew+HLpmBLCybSAEyb2F+4pRXhuhWqFesoQd6DAyc2hw=="],

    "bun": ["bun@1.3.9", "", { "optionalDependencies": { "@oven/bun-darwin-aarch64": "1.3.9", "@oven/bun-darwin-x64": "1.3.9", "@oven/bun-darwin-x64-baseline": "1.3.9", "@oven/bun-linux-aarch64": "1.3.9", "@oven/bun-linux-aarch64-musl": "1.3.9", "@oven/bun-linux-x64": "1.3.9", "@oven/bun-linux-x64-baseline": "1.3.9", "@oven/bun-linux-x64-musl": "1.3.9", "@oven/bun-linux-x64-musl-baseline": "1.3.9", "@oven/bun-windows-x64": "1.3.9", "@oven/bun-windows-x64-baseline": "1.3.9" }, "os": [ "linux", "win32", "darwin", ], "cpu": [ "x64", "arm64", ], "bin": { "bun": "bin/bun.exe", "bunx": "bin/bunx.exe" } }, "sha512-v5hkh1us7sMNjfimWE70flYbD5I1/qWQaqmJ45q2qk5H/7muQVa478LSVRSFyGTBUBog2LsPQnfIRdjyWJRY+A=="],

    "bun-types": ["bun-types@1.3.9", "", { "dependencies": { "@types/node": "*" } }, "sha512-+UBWWOakIP4Tswh0Bt0QD0alpTY8cb5hvgiYeWCMet9YukHbzuruIEeXC2D7nMJPB12kbh8C7XJykSexEqGKJg=="],

    "call-bind-apply-helpers": ["call-bind-apply-helpers@1.0.2", "", { "dependencies": { "es-errors": "^1.3.0", "function-bind": "^1.1.2" } }, "sha512-Sp1ablJ0ivDkSzjcaJdxEunN5/XvksFJ2sMBFfq6x0ryhQV/2b/KwFe21cMpmHtPOSij8K99/wSfoEuTObmuMQ=="],

    "camelcase": ["camelcase@8.0.0", "", {}, "sha512-8WB3Jcas3swSvjIeA2yvCJ+Miyz5l1ZmB6HFb9R1317dt9LCQoswg/BGrmAmkWVEszSrrg4RwmO46qIm2OEnSA=="],

    "chalk": ["chalk@5.4.1", "", {}, "sha512-zgVZuo2WcZgfUEmsn6eO3kINexW8RAE4maiQ8QNs8CtpPCSyMiYsULR3HQYkm3w8FIA3SberyMJMSldGsW+U3w=="],

    "chalk-tags": ["chalk-tags@1.1.3", "", { "dependencies": { "chalk": "^5.4.1" } }, "sha512-KJMhdV9zso2ydnLfJwQLhaL5Sa+lgtFDDkqzTOixdvyyqtBXnkC2jQljgZi4eMQkaRu1cDMMnJCBnozdrqINuw=="],

    "chardet": ["chardet@2.1.1", "", {}, "sha512-PsezH1rqdV9VvyNhxxOW32/d75r01NY7TQCmOqomRo15ZSOKbpTFVsfjghxo6JloQUCGnH4k1LGu0R4yCLlWQQ=="],

    "chownr": ["chownr@3.0.0", "", {}, "sha512-+IxzY9BZOQd/XuYPRmrvEVjF/nqj5kgT4kEq7VofrDoM1MxoRjEWkrCC3EtLi59TVawxTAn+orJwFQcrqEN1+g=="],

    "cli-boxes": ["cli-boxes@3.0.0", "", {}, "sha512-/lzGpEWL/8PfI0BmBOPRwp0c/wFNX1RdUML3jK/RcSBA9T8mZDdQpqYBKtCFTOfQbwPqWEOpjqW+Fnayc0969g=="],

    "cli-width": ["cli-width@4.1.0", "", {}, "sha512-ouuZd4/dm2Sw5Gmqy6bGyNNNe1qt9RpmxveLSO7KcgsTnU7RXfsw+/bukWGo1abgBiMAic068rclZsO4IWmmxQ=="],

    "combined-stream": ["combined-stream@1.0.8", "", { "dependencies": { "delayed-stream": "~1.0.0" } }, "sha512-FQN4MRfuJeHf7cBbBMJFXhKSDq+2kAArBlmRBvcvFE5BB1HZKXtSFASDhdlz9zOYwxh8lDdnvmMOe/+5cdoEdg=="],

    "commander": ["commander@14.0.3", "", {}, "sha512-H+y0Jo/T1RZ9qPP4Eh1pkcQcLRglraJaSLoyOtHxu6AapkjWVCy2Sit1QQ4x3Dng8qDlSsZEet7g5Pq06MvTgw=="],

    "date-and-time": ["date-and-time@4.1.0", "", {}, "sha512-tFdrmBPZrR7bun6jqmlEy/dsjV2JLeUdGALfbKdB7mf0ItMNkYYklxjFE0voGg5oapIaE7WctMClkuRzyU9pig=="],

    "deckstrings": ["deckstrings@3.1.2", "", {}, "sha512-u495/2wXLJJwusL27Tp8d5srTMg7H5ZZxhnvLG7ZYeVxQOpKaCTHx/JTLElG6j/jZX5QUFh6/nOmqoGnQtSFKw=="],

    "delayed-stream": ["delayed-stream@1.0.0", "", {}, "sha512-ZySD7Nf91aLB0RxL4KGrKHBXl7Eds1DAmEdcoVawXnLD7SDhpNgtuII2aAkg7a7QS41jxPSZ17p4VdGnMHk3MQ=="],

    "dunder-proto": ["dunder-proto@1.0.1", "", { "dependencies": { "call-bind-apply-helpers": "^1.0.1", "es-errors": "^1.3.0", "gopd": "^1.2.0" } }, "sha512-KIN/nDJBQRcXw0MLVhZE9iQHmG68qAVIBg9CqmUYjmQIhgij9U5MFvrqkUL5FbtyyzZuOeOt0zdeRe4UY7ct+A=="],

    "emoji-regex": ["emoji-regex@10.6.0", "", {}, "sha512-toUI84YS5YmxW219erniWD0CIVOo46xGKColeNQRgOzDorgBi1v4D71/OFzgD9GO2UGKIv1C3Sp8DAn0+j5w7A=="],

    "es-define-property": ["es-define-property@1.0.1", "", {}, "sha512-e3nRfgfUZ4rNGL232gUgX06QNyyez04KdjFrF+LTRoOXmrOgFKDg4BCdsjW8EnT69eqdYGmRpJwiPVYNrCaW3g=="],

    "es-errors": ["es-errors@1.3.0", "", {}, "sha512-Zf5H2Kxt2xjTvbJvP2ZWLEICxA6j+hAmMzIlypy4xcBg1vKVnx89Wy0GbS+kf5cwCVFFzdCFh2XSCFNULS6csw=="],

    "es-object-atoms": ["es-object-atoms@1.1.1", "", { "dependencies": { "es-errors": "^1.3.0" } }, "sha512-FGgH2h8zKNim9ljj7dankFPcICIK9Cp5bm+c2gQSYePhpaG5+esrLODihIorn+Pe6FGJzWhXQotPv73jTaldXA=="],

    "es-set-tostringtag": ["es-set-tostringtag@2.1.0", "", { "dependencies": { "es-errors": "^1.3.0", "get-intrinsic": "^1.2.6", "has-tostringtag": "^1.0.2", "hasown": "^2.0.2" } }, "sha512-j6vWzfrGVfyXxge+O0x5sh6cvxAog0a/4Rdd2K36zCMV5eJ+/+tOAngRO8cODMNWbVRdVlmGZQL2YS3yR8bIUA=="],

    "follow-redirects": ["follow-redirects@1.15.11", "", {}, "sha512-deG2P0JfjrTxl50XGCDyfI97ZGVCxIpfKYmfyrQ54n5FO/0gfIES8C/Psl6kWVDolizcaaxZJnTS0QSMxvnsBQ=="],

    "form-data": ["form-data@4.0.5", "", { "dependencies": { "asynckit": "^0.4.0", "combined-stream": "^1.0.8", "es-set-tostringtag": "^2.1.0", "hasown": "^2.0.2", "mime-types": "^2.1.12" } }, "sha512-8RipRLol37bNs2bhoV67fiTEvdTrbMUYcFTiy3+wuuOnUog2QBHCZWXDRijWQfAkhBj2Uf5UnVaiWwA5vdd82w=="],

    "function-bind": ["function-bind@1.1.2", "", {}, "sha512-7XHNxH7qX9xG5mIwxkhumTox/MIRNcOgDrxWsMt2pAr23WHp6MrRlN7FBSFpCpr+oVO0F744iUgR82nJMfG2SA=="],

    "get-east-asian-width": ["get-east-asian-width@1.4.0", "", {}, "sha512-QZjmEOC+IT1uk6Rx0sX22V6uHWVwbdbxf1faPqJ1QhLdGgsRGCZoyaQBm/piRdJy/D2um6hM1UP7ZEeQ4EkP+Q=="],

    "get-intrinsic": ["get-intrinsic@1.3.0", "", { "dependencies": { "call-bind-apply-helpers": "^1.0.2", "es-define-property": "^1.0.1", "es-errors": "^1.3.0", "es-object-atoms": "^1.1.1", "function-bind": "^1.1.2", "get-proto": "^1.0.1", "gopd": "^1.2.0", "has-symbols": "^1.1.0", "hasown": "^2.0.2", "math-intrinsics": "^1.1.0" } }, "sha512-9fSjSaos/fRIVIp+xSJlE6lfwhES7LNtKaCBIamHsjr2na1BiABJPo0mOjjz8GJDURarmCPGqaiVg5mfjb98CQ=="],

    "get-proto": ["get-proto@1.0.1", "", { "dependencies": { "dunder-proto": "^1.0.1", "es-object-atoms": "^1.0.0" } }, "sha512-sTSfBjoXBp89JvIKIefqw7U2CCebsc74kiY6awiGogKtoSGbgjYE/G/+l9sF3MWFPNc9IcoOC4ODfKHfxFmp0g=="],

    "gopd": ["gopd@1.2.0", "", {}, "sha512-ZUKRh6/kUFoAiTAtTYPZJ3hw9wNxx+BIBOijnlG9PnrJsCcSjs1wyyD6vJpaYtgnzDrKYRSqf3OO6Rfa93xsRg=="],

    "has-symbols": ["has-symbols@1.1.0", "", {}, "sha512-1cDNdwJ2Jaohmb3sg4OmKaMBwuC48sYni5HUw2DvsC8LjGTLK9h+eb1X6RyuOHe4hT0ULCW68iomhjUoKUqlPQ=="],

    "has-tostringtag": ["has-tostringtag@1.0.2", "", { "dependencies": { "has-symbols": "^1.0.3" } }, "sha512-NqADB8VjPFLM2V0VvHUewwwsw0ZWBaIdgo+ieHtK3hasLz4qeCRjYcqfB6AQrBggRKppKF8L52/VqdVsO47Dlw=="],

    "hasown": ["hasown@2.0.2", "", { "dependencies": { "function-bind": "^1.1.2" } }, "sha512-0hJU9SCPvmMzIBdZFqNPXWa6dqh7WdH0cII9y+CyS8rG3nL48Bclra9HmKhVVUHyPWNH5Y7xDwAB7bfgSjkUMQ=="],

    "iconv-lite": ["iconv-lite@0.7.2", "", { "dependencies": { "safer-buffer": ">= 2.1.2 < 3.0.0" } }, "sha512-im9DjEDQ55s9fL4EYzOAv0yMqmMBSZp6G0VvFyTMPKWxiSBHUj9NW/qqLmXUwXrrM7AvqSlTCfvqRb0cM8yYqw=="],

    "is-fullwidth-code-point": ["is-fullwidth-code-point@3.0.0", "", {}, "sha512-zymm5+u+sCsSWyD9qNaejV3DFvhCKclKdizYaJUuHA83RLjb7nSuGnddCHGv0hk+KY7BMAlsWeK4Ueg6EV6XQg=="],

    "lodash": ["lodash@4.17.21", "", {}, "sha512-v2kDEe57lecTulaDIuNTPy3Ry4gLGJ6Z1O3vE1krgXZNrsQ+LFTGHVxVjcXPs17LhbZVGedAJv8XZ1tvj5FvSg=="],

    "math-intrinsics": ["math-intrinsics@1.1.0", "", {}, "sha512-/IXtbwEk5HTPyEwyKX6hGkYXxM9nbj64B+ilVJnC/R6B0pH5G4V3b0pVbL7DBj4tkhBAppbQUlf6F6Xl9LHu1g=="],

    "mime-db": ["mime-db@1.52.0", "", {}, "sha512-sPU4uV7dYlvtWJxwwxHD0PuihVNiE7TyAbQ5SWxDCB9mUYvOgroQOwYQQOKPJ8CIbE+1ETVlOoK1UC2nU3gYvg=="],

    "mime-types": ["mime-types@2.1.35", "", { "dependencies": { "mime-db": "1.52.0" } }, "sha512-ZDY+bPm5zTTF+YpCrAU9nK0UgICYPT0QtT1NZWFv4s++TNkcgVaT0g6+4R2uI4MjQjzysHB1zxuWL50hzaeXiw=="],

    "minipass": ["minipass@7.1.3", "", {}, "sha512-tEBHqDnIoM/1rXME1zgka9g6Q2lcoCkxHLuc7ODJ5BxbP5d4c2Z5cGgtXAku59200Cx7diuHTOYfSBD8n6mm8A=="],

    "minizlib": ["minizlib@3.1.0", "", { "dependencies": { "minipass": "^7.1.2" } }, "sha512-KZxYo1BUkWD2TVFLr0MQoM8vUUigWD3LlD83a/75BqC+4qE0Hb1Vo5v1FgcfaNXvfXzr+5EhQ6ing/CaBijTlw=="],

    "mute-stream": ["mute-stream@3.0.0", "", {}, "sha512-dkEJPVvun4FryqBmZ5KhDo0K9iDXAwn08tMLDinNdRBNPcYEDiWYysLcc6k3mjTMlbP9KyylvRpd4wFtwrT9rw=="],

    "proxy-from-env": ["proxy-from-env@1.1.0", "", {}, "sha512-D+zkORCbA9f1tdWRK0RaCR3GPv50cMxcrz4X8k5LTSUD1Dkw47mKJEZQNunItRTkWwgtaUSo1RVFRIG9ZXiFYg=="],

    "safer-buffer": ["safer-buffer@2.1.2", "", {}, "sha512-YZo3K82SD7Riyi0E1EQPojLz7kpepnSQI9IyPbHHg1XXXevb5dJI7tpyN2ADxGcQbHG7vcyRHk0cbwqcQriUtg=="],

    "signal-exit": ["signal-exit@4.1.0", "", {}, "sha512-bzyZ1e88w9O1iNJbKnOlvYTrWPDl46O1bG0D3XInv+9tkPrxrN8jUUTiFlDkkmKWgn1M6CfIA13SuGqOa9Korw=="],

    "string-width": ["string-width@7.2.0", "", { "dependencies": { "emoji-regex": "^10.3.0", "get-east-asian-width": "^1.0.0", "strip-ansi": "^7.1.0" } }, "sha512-tsaTIkKW9b4N+AEj+SVA+WhJzV7/zMhcSu78mLKWSk7cXMOSHsBKFWUs0fWwq8QyK3MgJBQRX6Gbi4kYbdvGkQ=="],

    "strip-ansi": ["strip-ansi@7.1.2", "", { "dependencies": { "ansi-regex": "^6.0.1" } }, "sha512-gmBGslpoQJtgnMAvOVqGZpEz9dyoKTCzy2nfz/n8aIFhN/jCE/rCmcxabB6jOOHV+0WNnylOxaxBQPSvcWklhA=="],

    "tar": ["tar@7.5.9", "", { "dependencies": { "@isaacs/fs-minipass": "^4.0.0", "chownr": "^3.0.0", "minipass": "^7.1.2", "minizlib": "^3.1.0", "yallist": "^5.0.0" } }, "sha512-BTLcK0xsDh2+PUe9F6c2TlRp4zOOBMTkoQHQIWSIzI0R7KG46uEwq4OPk2W7bZcprBMsuaeFsqwYr7pjh6CuHg=="],

    "type-fest": ["type-fest@4.41.0", "", {}, "sha512-TeTSQ6H5YHvpqVwBRcnLDCBnDOHWYu7IvGbHT6N8AOymcr9PJGjc1GTtiWZTYg0NCgYwvnYWEkVChQAr9bjfwA=="],

    "undici-types": ["undici-types@7.16.0", "", {}, "sha512-Zz+aZWSj8LE6zoxD+xrjh4VfkIG8Ya6LvYkZqtUQGJPZjYl53ypCaUwWqo7eI0x66KBGeRo+mlBEkMSeSZ38Nw=="],

    "widest-line": ["widest-line@5.0.0", "", { "dependencies": { "string-width": "^7.0.0" } }, "sha512-c9bZp7b5YtRj2wOe6dlj32MK+Bx/M/d+9VB2SHM1OtsUHR0aV0tdP6DWh/iMt0kWi1t5g1Iudu6hQRNd1A4PVA=="],

    "wrap-ansi": ["wrap-ansi@9.0.2", "", { "dependencies": { "ansi-styles": "^6.2.1", "string-width": "^7.0.0", "strip-ansi": "^7.1.0" } }, "sha512-42AtmgqjV+X1VpdOfyTGOYRi0/zsoLqtXQckTmqTeybT+BDIbM/Guxo7x3pE2vtpr1ok6xRqM9OpBe+Jyoqyww=="],

    "yallist": ["yallist@5.0.0", "", {}, "sha512-YgvUTfwqyc7UXVMrB+SImsVYSmTS8X/tSrtdNZMImM+n7+QTriRXyXim0mBrTXNeqzVF0KWGgHPeiyViFFrNDw=="],

    "@inquirer/checkbox/@inquirer/ansi": ["@inquirer/ansi@2.0.3", "", {}, "sha512-g44zhR3NIKVs0zUesa4iMzExmZpLUdTLRMCStqX3GE5NT6VkPcxQGJ+uC8tDgBUC/vB1rUhUd55cOf++4NZcmw=="],

    "@inquirer/checkbox/@inquirer/core": ["@inquirer/core@11.1.1", "", { "dependencies": { "@inquirer/ansi": "^2.0.3", "@inquirer/figures": "^2.0.3", "@inquirer/type": "^4.0.3", "cli-width": "^4.1.0", "mute-stream": "^3.0.0", "signal-exit": "^4.1.0", "wrap-ansi": "^9.0.2" }, "peerDependencies": { "@types/node": ">=18" }, "optionalPeers": ["@types/node"] }, "sha512-hV9o15UxX46OyQAtaoMqAOxGR8RVl1aZtDx1jHbCtSJy1tBdTfKxLPKf7utsE4cRy4tcmCQ4+vdV+ca+oNxqNA=="],

    "@inquirer/checkbox/@inquirer/figures": ["@inquirer/figures@2.0.3", "", {}, "sha512-y09iGt3JKoOCBQ3w4YrSJdokcD8ciSlMIWsD+auPu+OZpfxLuyz+gICAQ6GCBOmJJt4KEQGHuZSVff2jiNOy7g=="],

    "@inquirer/checkbox/@inquirer/type": ["@inquirer/type@4.0.3", "", { "peerDependencies": { "@types/node": ">=18" }, "optionalPeers": ["@types/node"] }, "sha512-cKZN7qcXOpj1h+1eTTcGDVLaBIHNMT1Rz9JqJP5MnEJ0JhgVWllx7H/tahUp5YEK1qaByH2Itb8wLG/iScD5kw=="],

    "@inquirer/confirm/@inquirer/core": ["@inquirer/core@11.1.1", "", { "dependencies": { "@inquirer/ansi": "^2.0.3", "@inquirer/figures": "^2.0.3", "@inquirer/type": "^4.0.3", "cli-width": "^4.1.0", "mute-stream": "^3.0.0", "signal-exit": "^4.1.0", "wrap-ansi": "^9.0.2" }, "peerDependencies": { "@types/node": ">=18" }, "optionalPeers": ["@types/node"] }, "sha512-hV9o15UxX46OyQAtaoMqAOxGR8RVl1aZtDx1jHbCtSJy1tBdTfKxLPKf7utsE4cRy4tcmCQ4+vdV+ca+oNxqNA=="],

    "@inquirer/confirm/@inquirer/type": ["@inquirer/type@4.0.3", "", { "peerDependencies": { "@types/node": ">=18" }, "optionalPeers": ["@types/node"] }, "sha512-cKZN7qcXOpj1h+1eTTcGDVLaBIHNMT1Rz9JqJP5MnEJ0JhgVWllx7H/tahUp5YEK1qaByH2Itb8wLG/iScD5kw=="],

    "@inquirer/editor/@inquirer/core": ["@inquirer/core@11.1.1", "", { "dependencies": { "@inquirer/ansi": "^2.0.3", "@inquirer/figures": "^2.0.3", "@inquirer/type": "^4.0.3", "cli-width": "^4.1.0", "mute-stream": "^3.0.0", "signal-exit": "^4.1.0", "wrap-ansi": "^9.0.2" }, "peerDependencies": { "@types/node": ">=18" }, "optionalPeers": ["@types/node"] }, "sha512-hV9o15UxX46OyQAtaoMqAOxGR8RVl1aZtDx1jHbCtSJy1tBdTfKxLPKf7utsE4cRy4tcmCQ4+vdV+ca+oNxqNA=="],

    "@inquirer/editor/@inquirer/type": ["@inquirer/type@4.0.3", "", { "peerDependencies": { "@types/node": ">=18" }, "optionalPeers": ["@types/node"] }, "sha512-cKZN7qcXOpj1h+1eTTcGDVLaBIHNMT1Rz9JqJP5MnEJ0JhgVWllx7H/tahUp5YEK1qaByH2Itb8wLG/iScD5kw=="],

    "@inquirer/expand/@inquirer/core": ["@inquirer/core@11.1.1", "", { "dependencies": { "@inquirer/ansi": "^2.0.3", "@inquirer/figures": "^2.0.3", "@inquirer/type": "^4.0.3", "cli-width": "^4.1.0", "mute-stream": "^3.0.0", "signal-exit": "^4.1.0", "wrap-ansi": "^9.0.2" }, "peerDependencies": { "@types/node": ">=18" }, "optionalPeers": ["@types/node"] }, "sha512-hV9o15UxX46OyQAtaoMqAOxGR8RVl1aZtDx1jHbCtSJy1tBdTfKxLPKf7utsE4cRy4tcmCQ4+vdV+ca+oNxqNA=="],

    "@inquirer/expand/@inquirer/type": ["@inquirer/type@4.0.3", "", { "peerDependencies": { "@types/node": ">=18" }, "optionalPeers": ["@types/node"] }, "sha512-cKZN7qcXOpj1h+1eTTcGDVLaBIHNMT1Rz9JqJP5MnEJ0JhgVWllx7H/tahUp5YEK1qaByH2Itb8wLG/iScD5kw=="],

    "@inquirer/input/@inquirer/core": ["@inquirer/core@11.1.1", "", { "dependencies": { "@inquirer/ansi": "^2.0.3", "@inquirer/figures": "^2.0.3", "@inquirer/type": "^4.0.3", "cli-width": "^4.1.0", "mute-stream": "^3.0.0", "signal-exit": "^4.1.0", "wrap-ansi": "^9.0.2" }, "peerDependencies": { "@types/node": ">=18" }, "optionalPeers": ["@types/node"] }, "sha512-hV9o15UxX46OyQAtaoMqAOxGR8RVl1aZtDx1jHbCtSJy1tBdTfKxLPKf7utsE4cRy4tcmCQ4+vdV+ca+oNxqNA=="],

    "@inquirer/input/@inquirer/type": ["@inquirer/type@4.0.3", "", { "peerDependencies": { "@types/node": ">=18" }, "optionalPeers": ["@types/node"] }, "sha512-cKZN7qcXOpj1h+1eTTcGDVLaBIHNMT1Rz9JqJP5MnEJ0JhgVWllx7H/tahUp5YEK1qaByH2Itb8wLG/iScD5kw=="],

    "@inquirer/number/@inquirer/core": ["@inquirer/core@11.1.1", "", { "dependencies": { "@inquirer/ansi": "^2.0.3", "@inquirer/figures": "^2.0.3", "@inquirer/type": "^4.0.3", "cli-width": "^4.1.0", "mute-stream": "^3.0.0", "signal-exit": "^4.1.0", "wrap-ansi": "^9.0.2" }, "peerDependencies": { "@types/node": ">=18" }, "optionalPeers": ["@types/node"] }, "sha512-hV9o15UxX46OyQAtaoMqAOxGR8RVl1aZtDx1jHbCtSJy1tBdTfKxLPKf7utsE4cRy4tcmCQ4+vdV+ca+oNxqNA=="],

    "@inquirer/number/@inquirer/type": ["@inquirer/type@4.0.3", "", { "peerDependencies": { "@types/node": ">=18" }, "optionalPeers": ["@types/node"] }, "sha512-cKZN7qcXOpj1h+1eTTcGDVLaBIHNMT1Rz9JqJP5MnEJ0JhgVWllx7H/tahUp5YEK1qaByH2Itb8wLG/iScD5kw=="],

    "@inquirer/password/@inquirer/ansi": ["@inquirer/ansi@2.0.3", "", {}, "sha512-g44zhR3NIKVs0zUesa4iMzExmZpLUdTLRMCStqX3GE5NT6VkPcxQGJ+uC8tDgBUC/vB1rUhUd55cOf++4NZcmw=="],

    "@inquirer/password/@inquirer/core": ["@inquirer/core@11.1.1", "", { "dependencies": { "@inquirer/ansi": "^2.0.3", "@inquirer/figures": "^2.0.3", "@inquirer/type": "^4.0.3", "cli-width": "^4.1.0", "mute-stream": "^3.0.0", "signal-exit": "^4.1.0", "wrap-ansi": "^9.0.2" }, "peerDependencies": { "@types/node": ">=18" }, "optionalPeers": ["@types/node"] }, "sha512-hV9o15UxX46OyQAtaoMqAOxGR8RVl1aZtDx1jHbCtSJy1tBdTfKxLPKf7utsE4cRy4tcmCQ4+vdV+ca+oNxqNA=="],

    "@inquirer/password/@inquirer/type": ["@inquirer/type@4.0.3", "", { "peerDependencies": { "@types/node": ">=18" }, "optionalPeers": ["@types/node"] }, "sha512-cKZN7qcXOpj1h+1eTTcGDVLaBIHNMT1Rz9JqJP5MnEJ0JhgVWllx7H/tahUp5YEK1qaByH2Itb8wLG/iScD5kw=="],

    "@inquirer/rawlist/@inquirer/core": ["@inquirer/core@11.1.1", "", { "dependencies": { "@inquirer/ansi": "^2.0.3", "@inquirer/figures": "^2.0.3", "@inquirer/type": "^4.0.3", "cli-width": "^4.1.0", "mute-stream": "^3.0.0", "signal-exit": "^4.1.0", "wrap-ansi": "^9.0.2" }, "peerDependencies": { "@types/node": ">=18" }, "optionalPeers": ["@types/node"] }, "sha512-hV9o15UxX46OyQAtaoMqAOxGR8RVl1aZtDx1jHbCtSJy1tBdTfKxLPKf7utsE4cRy4tcmCQ4+vdV+ca+oNxqNA=="],

    "@inquirer/rawlist/@inquirer/type": ["@inquirer/type@4.0.3", "", { "peerDependencies": { "@types/node": ">=18" }, "optionalPeers": ["@types/node"] }, "sha512-cKZN7qcXOpj1h+1eTTcGDVLaBIHNMT1Rz9JqJP5MnEJ0JhgVWllx7H/tahUp5YEK1qaByH2Itb8wLG/iScD5kw=="],

    "@inquirer/search/@inquirer/core": ["@inquirer/core@11.1.1", "", { "dependencies": { "@inquirer/ansi": "^2.0.3", "@inquirer/figures": "^2.0.3", "@inquirer/type": "^4.0.3", "cli-width": "^4.1.0", "mute-stream": "^3.0.0", "signal-exit": "^4.1.0", "wrap-ansi": "^9.0.2" }, "peerDependencies": { "@types/node": ">=18" }, "optionalPeers": ["@types/node"] }, "sha512-hV9o15UxX46OyQAtaoMqAOxGR8RVl1aZtDx1jHbCtSJy1tBdTfKxLPKf7utsE4cRy4tcmCQ4+vdV+ca+oNxqNA=="],

    "@inquirer/search/@inquirer/figures": ["@inquirer/figures@2.0.3", "", {}, "sha512-y09iGt3JKoOCBQ3w4YrSJdokcD8ciSlMIWsD+auPu+OZpfxLuyz+gICAQ6GCBOmJJt4KEQGHuZSVff2jiNOy7g=="],

    "@inquirer/search/@inquirer/type": ["@inquirer/type@4.0.3", "", { "peerDependencies": { "@types/node": ">=18" }, "optionalPeers": ["@types/node"] }, "sha512-cKZN7qcXOpj1h+1eTTcGDVLaBIHNMT1Rz9JqJP5MnEJ0JhgVWllx7H/tahUp5YEK1qaByH2Itb8wLG/iScD5kw=="],

    "@inquirer/select/@inquirer/ansi": ["@inquirer/ansi@2.0.3", "", {}, "sha512-g44zhR3NIKVs0zUesa4iMzExmZpLUdTLRMCStqX3GE5NT6VkPcxQGJ+uC8tDgBUC/vB1rUhUd55cOf++4NZcmw=="],

    "@inquirer/select/@inquirer/core": ["@inquirer/core@11.1.1", "", { "dependencies": { "@inquirer/ansi": "^2.0.3", "@inquirer/figures": "^2.0.3", "@inquirer/type": "^4.0.3", "cli-width": "^4.1.0", "mute-stream": "^3.0.0", "signal-exit": "^4.1.0", "wrap-ansi": "^9.0.2" }, "peerDependencies": { "@types/node": ">=18" }, "optionalPeers": ["@types/node"] }, "sha512-hV9o15UxX46OyQAtaoMqAOxGR8RVl1aZtDx1jHbCtSJy1tBdTfKxLPKf7utsE4cRy4tcmCQ4+vdV+ca+oNxqNA=="],

    "@inquirer/select/@inquirer/figures": ["@inquirer/figures@2.0.3", "", {}, "sha512-y09iGt3JKoOCBQ3w4YrSJdokcD8ciSlMIWsD+auPu+OZpfxLuyz+gICAQ6GCBOmJJt4KEQGHuZSVff2jiNOy7g=="],

    "@inquirer/select/@inquirer/type": ["@inquirer/type@4.0.3", "", { "peerDependencies": { "@types/node": ">=18" }, "optionalPeers": ["@types/node"] }, "sha512-cKZN7qcXOpj1h+1eTTcGDVLaBIHNMT1Rz9JqJP5MnEJ0JhgVWllx7H/tahUp5YEK1qaByH2Itb8wLG/iScD5kw=="],

    "ansi-align/string-width": ["string-width@4.2.3", "", { "dependencies": { "emoji-regex": "^8.0.0", "is-fullwidth-code-point": "^3.0.0", "strip-ansi": "^6.0.1" } }, "sha512-wKyQRQpjJ0sIp62ErSZdGsjMJWsap5oRNihHhu6G7JVO/9jIB6UyevL+tXuOqrng8j/cxKTWyWUwvSTriiZz/g=="],

    "@inquirer/confirm/@inquirer/core/@inquirer/ansi": ["@inquirer/ansi@2.0.3", "", {}, "sha512-g44zhR3NIKVs0zUesa4iMzExmZpLUdTLRMCStqX3GE5NT6VkPcxQGJ+uC8tDgBUC/vB1rUhUd55cOf++4NZcmw=="],

    "@inquirer/confirm/@inquirer/core/@inquirer/figures": ["@inquirer/figures@2.0.3", "", {}, "sha512-y09iGt3JKoOCBQ3w4YrSJdokcD8ciSlMIWsD+auPu+OZpfxLuyz+gICAQ6GCBOmJJt4KEQGHuZSVff2jiNOy7g=="],

    "@inquirer/editor/@inquirer/core/@inquirer/ansi": ["@inquirer/ansi@2.0.3", "", {}, "sha512-g44zhR3NIKVs0zUesa4iMzExmZpLUdTLRMCStqX3GE5NT6VkPcxQGJ+uC8tDgBUC/vB1rUhUd55cOf++4NZcmw=="],

    "@inquirer/editor/@inquirer/core/@inquirer/figures": ["@inquirer/figures@2.0.3", "", {}, "sha512-y09iGt3JKoOCBQ3w4YrSJdokcD8ciSlMIWsD+auPu+OZpfxLuyz+gICAQ6GCBOmJJt4KEQGHuZSVff2jiNOy7g=="],

    "@inquirer/expand/@inquirer/core/@inquirer/ansi": ["@inquirer/ansi@2.0.3", "", {}, "sha512-g44zhR3NIKVs0zUesa4iMzExmZpLUdTLRMCStqX3GE5NT6VkPcxQGJ+uC8tDgBUC/vB1rUhUd55cOf++4NZcmw=="],

    "@inquirer/expand/@inquirer/core/@inquirer/figures": ["@inquirer/figures@2.0.3", "", {}, "sha512-y09iGt3JKoOCBQ3w4YrSJdokcD8ciSlMIWsD+auPu+OZpfxLuyz+gICAQ6GCBOmJJt4KEQGHuZSVff2jiNOy7g=="],

    "@inquirer/input/@inquirer/core/@inquirer/ansi": ["@inquirer/ansi@2.0.3", "", {}, "sha512-g44zhR3NIKVs0zUesa4iMzExmZpLUdTLRMCStqX3GE5NT6VkPcxQGJ+uC8tDgBUC/vB1rUhUd55cOf++4NZcmw=="],

    "@inquirer/input/@inquirer/core/@inquirer/figures": ["@inquirer/figures@2.0.3", "", {}, "sha512-y09iGt3JKoOCBQ3w4YrSJdokcD8ciSlMIWsD+auPu+OZpfxLuyz+gICAQ6GCBOmJJt4KEQGHuZSVff2jiNOy7g=="],

    "@inquirer/number/@inquirer/core/@inquirer/ansi": ["@inquirer/ansi@2.0.3", "", {}, "sha512-g44zhR3NIKVs0zUesa4iMzExmZpLUdTLRMCStqX3GE5NT6VkPcxQGJ+uC8tDgBUC/vB1rUhUd55cOf++4NZcmw=="],

    "@inquirer/number/@inquirer/core/@inquirer/figures": ["@inquirer/figures@2.0.3", "", {}, "sha512-y09iGt3JKoOCBQ3w4YrSJdokcD8ciSlMIWsD+auPu+OZpfxLuyz+gICAQ6GCBOmJJt4KEQGHuZSVff2jiNOy7g=="],

    "@inquirer/password/@inquirer/core/@inquirer/figures": ["@inquirer/figures@2.0.3", "", {}, "sha512-y09iGt3JKoOCBQ3w4YrSJdokcD8ciSlMIWsD+auPu+OZpfxLuyz+gICAQ6GCBOmJJt4KEQGHuZSVff2jiNOy7g=="],

    "@inquirer/rawlist/@inquirer/core/@inquirer/ansi": ["@inquirer/ansi@2.0.3", "", {}, "sha512-g44zhR3NIKVs0zUesa4iMzExmZpLUdTLRMCStqX3GE5NT6VkPcxQGJ+uC8tDgBUC/vB1rUhUd55cOf++4NZcmw=="],

    "@inquirer/rawlist/@inquirer/core/@inquirer/figures": ["@inquirer/figures@2.0.3", "", {}, "sha512-y09iGt3JKoOCBQ3w4YrSJdokcD8ciSlMIWsD+auPu+OZpfxLuyz+gICAQ6GCBOmJJt4KEQGHuZSVff2jiNOy7g=="],

    "@inquirer/search/@inquirer/core/@inquirer/ansi": ["@inquirer/ansi@2.0.3", "", {}, "sha512-g44zhR3NIKVs0zUesa4iMzExmZpLUdTLRMCStqX3GE5NT6VkPcxQGJ+uC8tDgBUC/vB1rUhUd55cOf++4NZcmw=="],

    "ansi-align/string-width/emoji-regex": ["emoji-regex@8.0.0", "", {}, "sha512-MSjYzcWNOA0ewAHpz0MxpYFvwg6yjy1NG3xteoqz644VCo/RPgnr1/GGt+ic3iJTzQ8Eu3TdM14SawnVUmGE6A=="],

    "ansi-align/string-width/strip-ansi": ["strip-ansi@6.0.1", "", { "dependencies": { "ansi-regex": "^5.0.1" } }, "sha512-Y38VPSHcqkFrCpFnQ9vuSXmquuv5oXOKpGeT6aGrr3o3Gc9AlVa6JBfUSOCnbxGGZF+/0ooI7KrPuUSztUdU5A=="],

    "ansi-align/string-width/strip-ansi/ansi-regex": ["ansi-regex@5.0.1", "", {}, "sha512-quJQXlTSUGL2LH9SUXo8VwsY4soanhgo6LNSm84E1LBcE8s3O0wpdiRzyR9z/ZZJMlMWv37qOOb9pdJlMUEKFQ=="],
  }
}
