{
  "lockfileVersion": 1,
  "configVersion": 0,
  "workspaces": {
    "": {
      "name": "hearthstone.js",
      "dependencies": {
        "@inquirer/core": "^11.0.2",
        "@inquirer/prompts": "^8.0.2",
        "bun": "^1.3.1",
        "chalk-tags": "^1.1.3",
        "date-and-time": "^4.1.0",
        "deckstrings": "^3.1.2",
        "lodash": "^4.17.21",
        "strip-ansi": "^7.1.2",
      },
      "devDependencies": {
        "@biomejs/biome": "^2.3.4",
        "@hearthstonejs/vanillatypes": "^5.3.0",
        "@types/bun": "^1.3.1",
        "@types/lodash": "^4.17.20",
        "@types/node": "^24.10.0",
        "generate-changelog": "^1.8.0",
        "typescript": "^5.9.3",
      },
    },
  },
  "trustedDependencies": [
    "@biomejs/biome",
  ],
  "packages": {
    "@biomejs/biome": ["@biomejs/biome@2.3.4", "", { "optionalDependencies": { "@biomejs/cli-darwin-arm64": "2.3.4", "@biomejs/cli-darwin-x64": "2.3.4", "@biomejs/cli-linux-arm64": "2.3.4", "@biomejs/cli-linux-arm64-musl": "2.3.4", "@biomejs/cli-linux-x64": "2.3.4", "@biomejs/cli-linux-x64-musl": "2.3.4", "@biomejs/cli-win32-arm64": "2.3.4", "@biomejs/cli-win32-x64": "2.3.4" }, "bin": { "biome": "bin/biome" } }, "sha512-TU08LXjBHdy0mEY9APtEtZdNQQijXUDSXR7IK1i45wgoPD5R0muK7s61QcFir6FpOj/RP1+YkPx5QJlycXUU3w=="],

    "@biomejs/cli-darwin-arm64": ["@biomejs/cli-darwin-arm64@2.3.4", "", { "os": "darwin", "cpu": "arm64" }, "sha512-w40GvlNzLaqmuWYiDU6Ys9FNhJiclngKqcGld3iJIiy2bpJ0Q+8n3haiaC81uTPY/NA0d8Q/I3Z9+ajc14102Q=="],

    "@biomejs/cli-darwin-x64": ["@biomejs/cli-darwin-x64@2.3.4", "", { "os": "darwin", "cpu": "x64" }, "sha512-3s7TLVtjJ7ni1xADXsS7x7GMUrLBZXg8SemXc3T0XLslzvqKj/dq1xGeBQ+pOWQzng9MaozfacIHdK2UlJ3jGA=="],

    "@biomejs/cli-linux-arm64": ["@biomejs/cli-linux-arm64@2.3.4", "", { "os": "linux", "cpu": "arm64" }, "sha512-y7efHyyM2gYmHy/AdWEip+VgTMe9973aP7XYKPzu/j8JxnPHuSUXftzmPhkVw0lfm4ECGbdBdGD6+rLmTgNZaA=="],

    "@biomejs/cli-linux-arm64-musl": ["@biomejs/cli-linux-arm64-musl@2.3.4", "", { "os": "linux", "cpu": "arm64" }, "sha512-IruVGQRwMURivWazchiq7gKAqZSFs5so6gi0hJyxk7x6HR+iwZbO2IxNOqyLURBvL06qkIHs7Wffl6Bw30vCbQ=="],

    "@biomejs/cli-linux-x64": ["@biomejs/cli-linux-x64@2.3.4", "", { "os": "linux", "cpu": "x64" }, "sha512-gKfjWR/6/dfIxPJCw8REdEowiXCkIpl9jycpNVHux8aX2yhWPLjydOshkDL6Y/82PcQJHn95VCj7J+BRcE5o1Q=="],

    "@biomejs/cli-linux-x64-musl": ["@biomejs/cli-linux-x64-musl@2.3.4", "", { "os": "linux", "cpu": "x64" }, "sha512-mzKFFv/w66e4/jCobFmD3kymCqG+FuWE7sVa4Yjqd9v7qt2UhXo67MSZKY9Ih18V2IwPzRKQPCw6KwdZs6AXSA=="],

    "@biomejs/cli-win32-arm64": ["@biomejs/cli-win32-arm64@2.3.4", "", { "os": "win32", "cpu": "arm64" }, "sha512-5TJ6JfVez+yyupJ/iGUici2wzKf0RrSAxJhghQXtAEsc67OIpdwSKAQboemILrwKfHDi5s6mu7mX+VTCTUydkw=="],

    "@biomejs/cli-win32-x64": ["@biomejs/cli-win32-x64@2.3.4", "", { "os": "win32", "cpu": "x64" }, "sha512-FGCijXecmC4IedQ0esdYNlMpx0Jxgf4zceCaMu6fkjWyjgn50ZQtMiqZZQ0Q/77yqPxvtkgZAvt5uGw0gAAjig=="],

    "@hearthstonejs/vanillatypes": ["@hearthstonejs/vanillatypes@5.3.0", "", {}, "sha512-lbEpxRmBfM3OO+oqsLSrQ0u6Z2hYj12K3hSXNcYVc7Mw7k9rppb5HPal7L96nzXgM+l+ypdUWFt+6oMZ6K+GBw=="],

    "@inquirer/ansi": ["@inquirer/ansi@2.0.2", "", {}, "sha512-SYLX05PwJVnW+WVegZt1T4Ip1qba1ik+pNJPDiqvk6zS5Y/i8PhRzLpGEtVd7sW0G8cMtkD8t4AZYhQwm8vnww=="],

    "@inquirer/checkbox": ["@inquirer/checkbox@5.0.2", "", { "dependencies": { "@inquirer/ansi": "^2.0.2", "@inquirer/core": "^11.0.2", "@inquirer/figures": "^2.0.2", "@inquirer/type": "^4.0.2" }, "peerDependencies": { "@types/node": ">=18" }, "optionalPeers": ["@types/node"] }, "sha512-iTPV4tMMct7iOpwer5qmTP7gjnk1VQJjsNfAaC2b8Q3qiuHM3K2yjjDr5u1MKfkrvp2JD4Flf8sIPpF21pmZmw=="],

    "@inquirer/confirm": ["@inquirer/confirm@6.0.2", "", { "dependencies": { "@inquirer/core": "^11.0.2", "@inquirer/type": "^4.0.2" }, "peerDependencies": { "@types/node": ">=18" }, "optionalPeers": ["@types/node"] }, "sha512-A0/13Wyi+8iFeNDX6D4zZYKPoBLIEbE4K/219qHcnpXMer2weWvaTo63+2c7mQPPA206DEMSYVOPnEw3meOlCw=="],

    "@inquirer/core": ["@inquirer/core@11.0.2", "", { "dependencies": { "@inquirer/ansi": "^2.0.2", "@inquirer/figures": "^2.0.2", "@inquirer/type": "^4.0.2", "cli-width": "^4.1.0", "mute-stream": "^3.0.0", "signal-exit": "^4.1.0", "wrap-ansi": "^9.0.2" }, "peerDependencies": { "@types/node": ">=18" }, "optionalPeers": ["@types/node"] }, "sha512-lgMRx/n02ciiNELBvFLHtmcjbV5tf5D/I0UYfCg2YbTZWmBZ10/niLd3IjWBxz8LtM27xP+4oLEa06Slmb7p7A=="],

    "@inquirer/editor": ["@inquirer/editor@5.0.2", "", { "dependencies": { "@inquirer/core": "^11.0.2", "@inquirer/external-editor": "^2.0.2", "@inquirer/type": "^4.0.2" }, "peerDependencies": { "@types/node": ">=18" }, "optionalPeers": ["@types/node"] }, "sha512-pXQ4Nf0qmFcJuYB6NlcIIxH6l6zKOwNg1Jh/ZRdKd2dTqBB4OXKUFbFwR2K4LVXVtq15ZFFatBVT+rerYR8hWQ=="],

    "@inquirer/expand": ["@inquirer/expand@5.0.2", "", { "dependencies": { "@inquirer/core": "^11.0.2", "@inquirer/type": "^4.0.2" }, "peerDependencies": { "@types/node": ">=18" }, "optionalPeers": ["@types/node"] }, "sha512-siFG1swxfjFIOxIcehtZkh+KUNB/YCpyfHNEGu+nC/SBXIbgUWibvThLn/WesSxLRGOeSKdNKoTm+GQCKFm6Ww=="],

    "@inquirer/external-editor": ["@inquirer/external-editor@2.0.2", "", { "dependencies": { "chardet": "^2.1.1", "iconv-lite": "^0.7.0" }, "peerDependencies": { "@types/node": ">=18" }, "optionalPeers": ["@types/node"] }, "sha512-X/fMXK7vXomRWEex1j8mnj7s1mpnTeP4CO/h2gysJhHLT2WjBnLv4ZQEGpm/kcYI8QfLZ2fgW+9kTKD+jeopLg=="],

    "@inquirer/figures": ["@inquirer/figures@2.0.2", "", {}, "sha512-qXm6EVvQx/FmnSrCWCIGtMHwqeLgxABP8XgcaAoywsL0NFga9gD5kfG0gXiv80GjK9Hsoz4pgGwF/+CjygyV9A=="],

    "@inquirer/input": ["@inquirer/input@5.0.2", "", { "dependencies": { "@inquirer/core": "^11.0.2", "@inquirer/type": "^4.0.2" }, "peerDependencies": { "@types/node": ">=18" }, "optionalPeers": ["@types/node"] }, "sha512-hN2YRo1QiEc9lD3mK+CPnTS4TK2RhCMmMmP4nCWwTkmQL2vx9jPJWYk+rbUZpwR1D583ZJk1FI3i9JZXIpi/qg=="],

    "@inquirer/number": ["@inquirer/number@4.0.2", "", { "dependencies": { "@inquirer/core": "^11.0.2", "@inquirer/type": "^4.0.2" }, "peerDependencies": { "@types/node": ">=18" }, "optionalPeers": ["@types/node"] }, "sha512-4McnjTSYrlthNW1ojkkmP75WLRYhQs7GXm6pDDoIrHqJuV5uUYwfdbB0geHdaKMarAqJQgoOVjzIT0jdWCsKew=="],

    "@inquirer/password": ["@inquirer/password@5.0.2", "", { "dependencies": { "@inquirer/ansi": "^2.0.2", "@inquirer/core": "^11.0.2", "@inquirer/type": "^4.0.2" }, "peerDependencies": { "@types/node": ">=18" }, "optionalPeers": ["@types/node"] }, "sha512-oSDziMKiw4G2e4zS+0JRfxuPFFGh6N/9yUaluMgEHp2/Yyj2JGwfDO7XbwtOrxVrz+XsP/iaGyWXdQb9d8A0+g=="],

    "@inquirer/prompts": ["@inquirer/prompts@8.0.2", "", { "dependencies": { "@inquirer/checkbox": "^5.0.2", "@inquirer/confirm": "^6.0.2", "@inquirer/editor": "^5.0.2", "@inquirer/expand": "^5.0.2", "@inquirer/input": "^5.0.2", "@inquirer/number": "^4.0.2", "@inquirer/password": "^5.0.2", "@inquirer/rawlist": "^5.0.2", "@inquirer/search": "^4.0.2", "@inquirer/select": "^5.0.2" }, "peerDependencies": { "@types/node": ">=18" }, "optionalPeers": ["@types/node"] }, "sha512-2zK5zY48fZcl6+gG4eqOC/UzZsJckHCRvjXoLuW4D8LKOCVGdcJiSKkLnumSZjR/6PXPINDGOrGHqNxb+sxJDg=="],

    "@inquirer/rawlist": ["@inquirer/rawlist@5.0.2", "", { "dependencies": { "@inquirer/core": "^11.0.2", "@inquirer/type": "^4.0.2" }, "peerDependencies": { "@types/node": ">=18" }, "optionalPeers": ["@types/node"] }, "sha512-AcNALEdQKUQDeJcpC1a3YC53m1MLv+sMUS+vRZ8Qigs1Yg3Dcdtmi82rscJplogKOY8CXkKW4wvVwHS2ZjCIBQ=="],

    "@inquirer/search": ["@inquirer/search@4.0.2", "", { "dependencies": { "@inquirer/core": "^11.0.2", "@inquirer/figures": "^2.0.2", "@inquirer/type": "^4.0.2" }, "peerDependencies": { "@types/node": ">=18" }, "optionalPeers": ["@types/node"] }, "sha512-hg63w5toohdzE65S3LiGhdfIL0kT+yisbZARf7zw65PvyMUTutTN3eMAvD/B6y/25z88vTrB7kSB45Vz5CbrXg=="],

    "@inquirer/select": ["@inquirer/select@5.0.2", "", { "dependencies": { "@inquirer/ansi": "^2.0.2", "@inquirer/core": "^11.0.2", "@inquirer/figures": "^2.0.2", "@inquirer/type": "^4.0.2" }, "peerDependencies": { "@types/node": ">=18" }, "optionalPeers": ["@types/node"] }, "sha512-JygTohvQxSNnvt7IKANVlg/eds+yN5sLRilYeGc4ri/9Aqi/2QPoXBMV5Cz/L1VtQv63SnTbPXJZeCK2pSwsOA=="],

    "@inquirer/type": ["@inquirer/type@4.0.2", "", { "peerDependencies": { "@types/node": ">=18" }, "optionalPeers": ["@types/node"] }, "sha512-cae7mzluplsjSdgFA6ACLygb5jC8alO0UUnFPyu0E7tNRPrL+q/f8VcSXp+cjZQ7l5CMpDpi2G1+IQvkOiL1Lw=="],

    "@oven/bun-darwin-aarch64": ["@oven/bun-darwin-aarch64@1.3.1", "", { "os": "darwin", "cpu": "arm64" }, "sha512-7Rap1BHNWqgnexc4wLjjdZeVRQKtk534iGuJ7qZ42i/q1B+cxJZ6zSnrFsYmo+zreH7dUyUXL3AHuXGrl2772Q=="],

    "@oven/bun-darwin-x64": ["@oven/bun-darwin-x64@1.3.1", "", { "os": "darwin", "cpu": "x64" }, "sha512-wpqmgT/8w+tEr5YMGt1u1sEAMRHhyA2SKZddC6GCPasHxSqkCWOPQvYIHIApnTsoSsxhxP0x6Cpe93+4c7hq/w=="],

    "@oven/bun-darwin-x64-baseline": ["@oven/bun-darwin-x64-baseline@1.3.1", "", { "os": "darwin", "cpu": "x64" }, "sha512-mJo715WvwEHmJ6khNymWyxi0QrFzU94wolsUmxolViNHrk+2ugzIkVIJhTnxf7pHnarxxHwyJ/kgatuV//QILQ=="],

    "@oven/bun-linux-aarch64": ["@oven/bun-linux-aarch64@1.3.1", "", { "os": "linux", "cpu": "arm64" }, "sha512-ACn038SZL8del+sFnqCjf+haGB02//j2Ez491IMmPTvbv4a/D0iiNz9xiIB3ICbQd3EwQzi+Ut/om3Ba/KoHbQ=="],

    "@oven/bun-linux-aarch64-musl": ["@oven/bun-linux-aarch64-musl@1.3.1", "", { "os": "linux", "cpu": "arm64" }, "sha512-gKU3Wv3BTG5VMjqMMnRwqU6tipCveE9oyYNt62efy6cQK3Vo1DOBwY2SmjbFw+yzj+Um20YoFOLGxghfQET4Ng=="],

    "@oven/bun-linux-x64": ["@oven/bun-linux-x64@1.3.1", "", { "os": "linux", "cpu": "x64" }, "sha512-cAUeM3I5CIYlu5Ur52eCOGg9yfqibQd4lzt9G1/rA0ajqcnCBaTuekhUDZETJJf5H9QV+Gm46CqQg2DpdJzJsw=="],

    "@oven/bun-linux-x64-baseline": ["@oven/bun-linux-x64-baseline@1.3.1", "", { "os": "linux", "cpu": "x64" }, "sha512-7+2aCrL81mtltZQbKdiPB58UL+Gr3DAIuPyUAKm0Ib/KG/Z8t7nD/eSMRY/q6b+NsAjYnVPiPwqSjC3edpMmmQ=="],

    "@oven/bun-linux-x64-musl": ["@oven/bun-linux-x64-musl@1.3.1", "", { "os": "linux", "cpu": "x64" }, "sha512-8AgEAHyuJ5Jm9MUo1L53K1SRYu0bNGqV0E0L5rB5DjkteO4GXrnWGBT8qsuwuy7WMuCMY3bj64/pFjlRkZuiXw=="],

    "@oven/bun-linux-x64-musl-baseline": ["@oven/bun-linux-x64-musl-baseline@1.3.1", "", { "os": "linux", "cpu": "x64" }, "sha512-tP0WWcAqrMayvkggOHBGBoyyoK+QHAqgRUyj1F6x5/udiqc9vCXmIt1tlydxYV/NvyvUAmJ7MWT0af44Xm2kJw=="],

    "@oven/bun-windows-x64": ["@oven/bun-windows-x64@1.3.1", "", { "os": "win32", "cpu": "x64" }, "sha512-xdUjOZRq6PwPbbz4/F2QEMLBZwintGp7AS50cWxgkHnyp7Omz5eJfV6/vWtN4qwZIyR3V3DT/2oXsY1+7p3rtg=="],

    "@oven/bun-windows-x64-baseline": ["@oven/bun-windows-x64-baseline@1.3.1", "", { "os": "win32", "cpu": "x64" }, "sha512-dcA+Kj7hGFrY3G8NWyYf3Lj3/GMViknpttWUf5pI6p6RphltZaoDu0lY5Lr71PkMdRZTwL2NnZopa/x/NWCdKA=="],

    "@types/bun": ["@types/bun@1.3.1", "", { "dependencies": { "bun-types": "1.3.1" } }, "sha512-4jNMk2/K9YJtfqwoAa28c8wK+T7nvJFOjxI4h/7sORWcypRNxBpr+TPNaCfVWq70tLCJsqoFwcf0oI0JU/fvMQ=="],

    "@types/lodash": ["@types/lodash@4.17.20", "", {}, "sha512-H3MHACvFUEiujabxhaI/ImO6gUrd8oOurg7LQtS7mbwIXA/cUqWrvBsaeJ23aZEPk1TAYkurjfMbSELfoCXlGA=="],

    "@types/node": ["@types/node@24.10.0", "", { "dependencies": { "undici-types": "~7.16.0" } }, "sha512-qzQZRBqkFsYyaSWXuEHc2WR9c0a0CXwiE5FWUvn7ZM+vdy1uZLfCunD38UzhuB7YN/J11ndbDBcTmOdxJo9Q7A=="],

    "@types/react": ["@types/react@19.2.2", "", { "dependencies": { "csstype": "^3.0.2" } }, "sha512-6mDvHUFSjyT2B2yeNx2nUgMxh9LtOWvkhIU3uePn2I2oyNymUAX1NIsdgviM4CH+JSrp2D2hsMvJOkxY+0wNRA=="],

    "ansi-regex": ["ansi-regex@6.1.0", "", {}, "sha512-7HSX4QQb4CspciLpVFwyRe79O3xsIZDDLER21kERQ71oaPodF8jL725AgJMFAYbooIqolJoRLuM81SpeUkpkvA=="],

    "ansi-styles": ["ansi-styles@6.2.3", "", {}, "sha512-4Dj6M28JB+oAH8kFkTLUo+a2jwOFkuqb3yucU0CANcRRUbxS0cP0nZYCGjcc3BNXwRIsUVmDGgzawme7zvJHvg=="],

    "bluebird": ["bluebird@3.7.2", "", {}, "sha512-XpNj6GDQzdfW+r2Wnn7xiSAd7TM3jzkxGXBGTtWKuSXv1xUV+azxAm8jdWZN06QTQk+2N2XB9jRDkvbmQmcRtg=="],

    "bun": ["bun@1.3.1", "", { "optionalDependencies": { "@oven/bun-darwin-aarch64": "1.3.1", "@oven/bun-darwin-x64": "1.3.1", "@oven/bun-darwin-x64-baseline": "1.3.1", "@oven/bun-linux-aarch64": "1.3.1", "@oven/bun-linux-aarch64-musl": "1.3.1", "@oven/bun-linux-x64": "1.3.1", "@oven/bun-linux-x64-baseline": "1.3.1", "@oven/bun-linux-x64-musl": "1.3.1", "@oven/bun-linux-x64-musl-baseline": "1.3.1", "@oven/bun-windows-x64": "1.3.1", "@oven/bun-windows-x64-baseline": "1.3.1" }, "os": [ "linux", "win32", "darwin", ], "cpu": [ "x64", "arm64", ], "bin": { "bun": "bin/bun.exe", "bunx": "bin/bunx.exe" } }, "sha512-enqkEb0RhNOgDzHQwv7uvnIhX3uSzmKzz779dL7kdH8SauyTdQvCz4O1UT2rU0UldQp2K9OlrJNdyDHayPEIvw=="],

    "bun-types": ["bun-types@1.3.1", "", { "dependencies": { "@types/node": "*" }, "peerDependencies": { "@types/react": "^19" } }, "sha512-NMrcy7smratanWJ2mMXdpatalovtxVggkj11bScuWuiOoXTiKIu2eVS1/7qbyI/4yHedtsn175n4Sm4JcdHLXw=="],

    "chalk": ["chalk@5.4.1", "", {}, "sha512-zgVZuo2WcZgfUEmsn6eO3kINexW8RAE4maiQ8QNs8CtpPCSyMiYsULR3HQYkm3w8FIA3SberyMJMSldGsW+U3w=="],

    "chalk-tags": ["chalk-tags@1.1.3", "", { "dependencies": { "chalk": "^5.4.1" } }, "sha512-KJMhdV9zso2ydnLfJwQLhaL5Sa+lgtFDDkqzTOixdvyyqtBXnkC2jQljgZi4eMQkaRu1cDMMnJCBnozdrqINuw=="],

    "chardet": ["chardet@2.1.1", "", {}, "sha512-PsezH1rqdV9VvyNhxxOW32/d75r01NY7TQCmOqomRo15ZSOKbpTFVsfjghxo6JloQUCGnH4k1LGu0R4yCLlWQQ=="],

    "cli-width": ["cli-width@4.1.0", "", {}, "sha512-ouuZd4/dm2Sw5Gmqy6bGyNNNe1qt9RpmxveLSO7KcgsTnU7RXfsw+/bukWGo1abgBiMAic068rclZsO4IWmmxQ=="],

    "commander": ["commander@2.20.3", "", {}, "sha512-GpVkmM8vF2vQUkj2LvZmD35JxeJOLCwJ9cUkugyk2nuhbv3+mJvpLYYt+0+USMxE+oj+ey/lJEnhZw75x/OMcQ=="],

    "csstype": ["csstype@3.1.3", "", {}, "sha512-M1uQkMl8rQK/szD0LNhtqxIPLpimGm8sOBwU7lLnCpSbTyY3yeU1Vc7l4KT5zT4s/yOxHH5O7tIuuLOCnLADRw=="],

    "date-and-time": ["date-and-time@4.1.0", "", {}, "sha512-tFdrmBPZrR7bun6jqmlEy/dsjV2JLeUdGALfbKdB7mf0ItMNkYYklxjFE0voGg5oapIaE7WctMClkuRzyU9pig=="],

    "deckstrings": ["deckstrings@3.1.2", "", {}, "sha512-u495/2wXLJJwusL27Tp8d5srTMg7H5ZZxhnvLG7ZYeVxQOpKaCTHx/JTLElG6j/jZX5QUFh6/nOmqoGnQtSFKw=="],

    "emoji-regex": ["emoji-regex@10.6.0", "", {}, "sha512-toUI84YS5YmxW219erniWD0CIVOo46xGKColeNQRgOzDorgBi1v4D71/OFzgD9GO2UGKIv1C3Sp8DAn0+j5w7A=="],

    "generate-changelog": ["generate-changelog@1.8.0", "", { "dependencies": { "bluebird": "^3.0.6", "commander": "^2.9.0", "github-url-from-git": "^1.4.0" }, "bin": { "changelog": "./bin/generate", "generate-changelog": "./bin/generate" } }, "sha512-msgpxeB75Ziyg3wGsZuPNl7c5RxChMKmYcAX5obnhUow90dBZW3nLic6nxGtst7Bpx453oS6zAIHcX7F3QVasw=="],

    "get-east-asian-width": ["get-east-asian-width@1.4.0", "", {}, "sha512-QZjmEOC+IT1uk6Rx0sX22V6uHWVwbdbxf1faPqJ1QhLdGgsRGCZoyaQBm/piRdJy/D2um6hM1UP7ZEeQ4EkP+Q=="],

    "github-url-from-git": ["github-url-from-git@1.5.0", "", {}, "sha512-WWOec4aRI7YAykQ9+BHmzjyNlkfJFG8QLXnDTsLz/kZefq7qkzdfo4p6fkYYMIq1aj+gZcQs/1HQhQh3DPPxlQ=="],

    "iconv-lite": ["iconv-lite@0.7.0", "", { "dependencies": { "safer-buffer": ">= 2.1.2 < 3.0.0" } }, "sha512-cf6L2Ds3h57VVmkZe+Pn+5APsT7FpqJtEhhieDCvrE2MK5Qk9MyffgQyuxQTm6BChfeZNtcOLHp9IcWRVcIcBQ=="],

    "lodash": ["lodash@4.17.21", "", {}, "sha512-v2kDEe57lecTulaDIuNTPy3Ry4gLGJ6Z1O3vE1krgXZNrsQ+LFTGHVxVjcXPs17LhbZVGedAJv8XZ1tvj5FvSg=="],

    "mute-stream": ["mute-stream@3.0.0", "", {}, "sha512-dkEJPVvun4FryqBmZ5KhDo0K9iDXAwn08tMLDinNdRBNPcYEDiWYysLcc6k3mjTMlbP9KyylvRpd4wFtwrT9rw=="],

    "safer-buffer": ["safer-buffer@2.1.2", "", {}, "sha512-YZo3K82SD7Riyi0E1EQPojLz7kpepnSQI9IyPbHHg1XXXevb5dJI7tpyN2ADxGcQbHG7vcyRHk0cbwqcQriUtg=="],

    "signal-exit": ["signal-exit@4.1.0", "", {}, "sha512-bzyZ1e88w9O1iNJbKnOlvYTrWPDl46O1bG0D3XInv+9tkPrxrN8jUUTiFlDkkmKWgn1M6CfIA13SuGqOa9Korw=="],

    "string-width": ["string-width@7.2.0", "", { "dependencies": { "emoji-regex": "^10.3.0", "get-east-asian-width": "^1.0.0", "strip-ansi": "^7.1.0" } }, "sha512-tsaTIkKW9b4N+AEj+SVA+WhJzV7/zMhcSu78mLKWSk7cXMOSHsBKFWUs0fWwq8QyK3MgJBQRX6Gbi4kYbdvGkQ=="],

    "strip-ansi": ["strip-ansi@7.1.2", "", { "dependencies": { "ansi-regex": "^6.0.1" } }, "sha512-gmBGslpoQJtgnMAvOVqGZpEz9dyoKTCzy2nfz/n8aIFhN/jCE/rCmcxabB6jOOHV+0WNnylOxaxBQPSvcWklhA=="],

    "typescript": ["typescript@5.9.3", "", { "bin": { "tsc": "bin/tsc", "tsserver": "bin/tsserver" } }, "sha512-jl1vZzPDinLr9eUt3J/t7V6FgNEw9QjvBPdysz9KfQDD41fQrC2Y4vKQdiaUpFT4bXlb1RHhLpp8wtm6M5TgSw=="],

    "undici-types": ["undici-types@7.16.0", "", {}, "sha512-Zz+aZWSj8LE6zoxD+xrjh4VfkIG8Ya6LvYkZqtUQGJPZjYl53ypCaUwWqo7eI0x66KBGeRo+mlBEkMSeSZ38Nw=="],

    "wrap-ansi": ["wrap-ansi@9.0.2", "", { "dependencies": { "ansi-styles": "^6.2.1", "string-width": "^7.0.0", "strip-ansi": "^7.1.0" } }, "sha512-42AtmgqjV+X1VpdOfyTGOYRi0/zsoLqtXQckTmqTeybT+BDIbM/Guxo7x3pE2vtpr1ok6xRqM9OpBe+Jyoqyww=="],
  }
}
